
Microsoft Visual Studio Solution File, Format Version 12.00
Project("{FAE04EC0-301F-11D3-BF4B-00C04F79EFBC}") = "PracticePanther.Library", "PracticePanther.Library\PracticePanther.Library.csproj", "{889AF2AA-D4CB-4291-BC82-6B001448E6D5}"
EndProject
Project("{FAE04EC0-301F-11D3-BF4B-00C04F79EFBC}") = "PracticePanther.Maui", "PracticePanther.Maui\PracticePanther.Maui.csproj", "{6740D504-D7ED-4F9D-9241-5D38FD7FB9C4}"
EndProject
Global
	GlobalSection(SolutionConfigurationPlatforms) = preSolution
		Debug|Any CPU = Debug|Any CPU
		Release|Any CPU = Release|Any CPU
	EndGlobalSection
	GlobalSection(ProjectConfigurationPlatforms) = postSolution
		{889AF2AA-D4CB-4291-BC82-6B001448E6D5}.Debug|Any CPU.ActiveCfg = Debug|Any CPU
		{889AF2AA-D4CB-4291-BC82-6B001448E6D5}.Debug|Any CPU.Build.0 = Debug|Any CPU
		{889AF2AA-D4CB-4291-BC82-6B001448E6D5}.Release|Any CPU.ActiveCfg = Release|Any CPU
		{889AF2AA-D4CB-4291-BC82-6B001448E6D5}.Release|Any CPU.Build.0 = Release|Any CPU
		{6740D504-D7ED-4F9D-9241-5D38FD7FB9C4}.Debug|Any CPU.ActiveCfg = Debug|Any CPU
		{6740D504-D7ED-4F9D-9241-5D38FD7FB9C4}.Debug|Any CPU.Build.0 = Debug|Any CPU
		{6740D504-D7ED-4F9D-9241-5D38FD7FB9C4}.Release|Any CPU.ActiveCfg = Release|Any CPU
		{6740D504-D7ED-4F9D-9241-5D38FD7FB9C4}.Release|Any CPU.Build.0 = Release|Any CPU
	EndGlobalSection
EndGlobal
